
Microsoft Visual Studio Solution File, Format Version 12.00
# Visual Studio Version 17
VisualStudioVersion = 17.1.32421.90
MinimumVisualStudioVersion = 10.0.40219.1
Project("{FAE04EC0-301F-11D3-BF4B-00C04F79EFBC}") = "InvestmentSistem", "InvestmentSistem.csproj", "{48C6AEF5-29C6-42E7-8636-164DF1D6BC6E}"
EndProject
Global
	GlobalSection(SolutionConfigurationPlatforms) = preSolution
		Debug|Any CPU = Debug|Any CPU
		Release|Any CPU = Release|Any CPU
	EndGlobalSection
	GlobalSection(ProjectConfigurationPlatforms) = postSolution
		{48C6AEF5-29C6-42E7-8636-164DF1D6BC6E}.Debug|Any CPU.ActiveCfg = Debug|Any CPU
		{48C6AEF5-29C6-42E7-8636-164DF1D6BC6E}.Debug|Any CPU.Build.0 = Debug|Any CPU
		{48C6AEF5-29C6-42E7-8636-164DF1D6BC6E}.Release|Any CPU.ActiveCfg = Release|Any CPU
		{48C6AEF5-29C6-42E7-8636-164DF1D6BC6E}.Release|Any CPU.Build.0 = Release|Any CPU
	EndGlobalSection
	GlobalSection(SolutionProperties) = preSolution
		HideSolutionNode = FALSE
	EndGlobalSection
	GlobalSection(ExtensibilityGlobals) = postSolution
		SolutionGuid = {0F5C96DA-B6BF-40F4-BA1B-6F6F9373854D}
	EndGlobalSection
EndGlobal
